
Microsoft Visual Studio Solution File, Format Version 12.00
# Visual Studio 15
VisualStudioVersion = 15.0.27703.2035
MinimumVisualStudioVersion = 10.0.40219.1
Project("{FAE04EC0-301F-11D3-BF4B-00C04F79EFBC}") = "TP3_Pessoa", "TP3_Pessoa\TP3_Pessoa.csproj", "{1193AB53-2B0A-49A5-B926-F846E3C13FB8}"
EndProject
Project("{FAE04EC0-301F-11D3-BF4B-00C04F79EFBC}") = "PessoaLib", "PessoaLib\PessoaLib.csproj", "{EA4723A7-8C86-4070-9C6B-355D5033E431}"
EndProject
Global
	GlobalSection(SolutionConfigurationPlatforms) = preSolution
		Debug|Any CPU = Debug|Any CPU
		Release|Any CPU = Release|Any CPU
	EndGlobalSection
	GlobalSection(ProjectConfigurationPlatforms) = postSolution
		{1193AB53-2B0A-49A5-B926-F846E3C13FB8}.Debug|Any CPU.ActiveCfg = Debug|Any CPU
		{1193AB53-2B0A-49A5-B926-F846E3C13FB8}.Debug|Any CPU.Build.0 = Debug|Any CPU
		{1193AB53-2B0A-49A5-B926-F846E3C13FB8}.Release|Any CPU.ActiveCfg = Release|Any CPU
		{1193AB53-2B0A-49A5-B926-F846E3C13FB8}.Release|Any CPU.Build.0 = Release|Any CPU
		{EA4723A7-8C86-4070-9C6B-355D5033E431}.Debug|Any CPU.ActiveCfg = Debug|Any CPU
		{EA4723A7-8C86-4070-9C6B-355D5033E431}.Debug|Any CPU.Build.0 = Debug|Any CPU
		{EA4723A7-8C86-4070-9C6B-355D5033E431}.Release|Any CPU.ActiveCfg = Release|Any CPU
		{EA4723A7-8C86-4070-9C6B-355D5033E431}.Release|Any CPU.Build.0 = Release|Any CPU
	EndGlobalSection
	GlobalSection(SolutionProperties) = preSolution
		HideSolutionNode = FALSE
	EndGlobalSection
	GlobalSection(ExtensibilityGlobals) = postSolution
		SolutionGuid = {3AD6FD9D-2161-4650-8CCD-289E3A5022FE}
	EndGlobalSection
EndGlobal
